
Microsoft Visual Studio Solution File, Format Version 12.00
Project("{FAE04EC0-301F-11D3-BF4B-00C04F79EFBC}") = "TestAppium", "TestAppium\TestAppium.csproj", "{7A74A64B-06D6-4E5D-8382-54F69BD4CED4}"
EndProject
Global
	GlobalSection(SolutionConfigurationPlatforms) = preSolution
		Debug|Any CPU = Debug|Any CPU
		Release|Any CPU = Release|Any CPU
	EndGlobalSection
	GlobalSection(ProjectConfigurationPlatforms) = postSolution
		{7A74A64B-06D6-4E5D-8382-54F69BD4CED4}.Debug|Any CPU.ActiveCfg = Debug|Any CPU
		{7A74A64B-06D6-4E5D-8382-54F69BD4CED4}.Debug|Any CPU.Build.0 = Debug|Any CPU
		{7A74A64B-06D6-4E5D-8382-54F69BD4CED4}.Release|Any CPU.ActiveCfg = Release|Any CPU
		{7A74A64B-06D6-4E5D-8382-54F69BD4CED4}.Release|Any CPU.Build.0 = Release|Any CPU
	EndGlobalSection
EndGlobal
